
Microsoft Visual Studio Solution File, Format Version 12.00
# Visual Studio Version 16
VisualStudioVersion = 16.0.29215.179
MinimumVisualStudioVersion = 10.0.40219.1
Project("{FAE04EC0-301F-11D3-BF4B-00C04F79EFBC}") = "Практична_1", "Практична_1.csproj", "{14FC7EA6-AFDD-455D-BF53-F81E670DB813}"
EndProject
Global
	GlobalSection(SolutionConfigurationPlatforms) = preSolution
		Debug|Any CPU = Debug|Any CPU
		Release|Any CPU = Release|Any CPU
	EndGlobalSection
	GlobalSection(ProjectConfigurationPlatforms) = postSolution
		{14FC7EA6-AFDD-455D-BF53-F81E670DB813}.Debug|Any CPU.ActiveCfg = Debug|Any CPU
		{14FC7EA6-AFDD-455D-BF53-F81E670DB813}.Debug|Any CPU.Build.0 = Debug|Any CPU
		{14FC7EA6-AFDD-455D-BF53-F81E670DB813}.Release|Any CPU.ActiveCfg = Release|Any CPU
		{14FC7EA6-AFDD-455D-BF53-F81E670DB813}.Release|Any CPU.Build.0 = Release|Any CPU
	EndGlobalSection
	GlobalSection(SolutionProperties) = preSolution
		HideSolutionNode = FALSE
	EndGlobalSection
	GlobalSection(ExtensibilityGlobals) = postSolution
		SolutionGuid = {4DA3274B-FEC0-4655-988E-7A7D026FBBC7}
	EndGlobalSection
EndGlobal
